{
  "object": {
    "pins": [
      {
        "package": "ModelLibrary",
        "repositoryURL": "https://github.com/bolekhub/mymodel",
        "state": {
          "branch": "develop",
          "revision": "3832cec9ddf5852f09d318b96fb4f8fdf33dbc66",
          "version": null
        }
      }
    ]
  },
  "version": 1
}
