// !$*UTF8*$!
{
	archiveVersion = 1;
	classes = {
	};
	objectVersion = 55;
	objects = {

/* Begin PBXBuildFile section */
		0741493B28C0F6520091D737 /* VideClubApp.swift in Sources */ = {isa = PBXBuildFile; fileRef = 0741493A28C0F6520091D737 /* VideClubApp.swift */; };
		0741493D28C0F6520091D737 /* ContentView.swift in Sources */ = {isa = PBXBuildFile; fileRef = 0741493C28C0F6520091D737 /* ContentView.swift */; };
		0741493F28C0F6550091D737 /* Assets.xcassets in Resources */ = {isa = PBXBuildFile; fileRef = 0741493E28C0F6550091D737 /* Assets.xcassets */; };
		0741494228C0F6550091D737 /* Preview Assets.xcassets in Resources */ = {isa = PBXBuildFile; fileRef = 0741494128C0F6550091D737 /* Preview Assets.xcassets */; };
		0741494C28C0F6550091D737 /* VideClubTests.swift in Sources */ = {isa = PBXBuildFile; fileRef = 0741494B28C0F6550091D737 /* VideClubTests.swift */; };
		0741495628C0F6550091D737 /* VideClubUITests.swift in Sources */ = {isa = PBXBuildFile; fileRef = 0741495528C0F6550091D737 /* VideClubUITests.swift */; };
		0741495828C0F6550091D737 /* VideClubUITestsLaunchTests.swift in Sources */ = {isa = PBXBuildFile; fileRef = 0741495728C0F6550091D737 /* VideClubUITestsLaunchTests.swift */; };
/* End PBXBuildFile section */

/* Begin PBXContainerItemProxy section */
		0741494828C0F6550091D737 /* PBXContainerItemProxy */ = {
			isa = PBXContainerItemProxy;
			containerPortal = 0741492F28C0F6520091D737 /* Project object */;
			proxyType = 1;
			remoteGlobalIDString = 0741493628C0F6520091D737;
			remoteInfo = VideClub;
		};
		0741495228C0F6550091D737 /* PBXContainerItemProxy */ = {
			isa = PBXContainerItemProxy;
			containerPortal = 0741492F28C0F6520091D737 /* Project object */;
			proxyType = 1;
			remoteGlobalIDString = 0741493628C0F6520091D737;
			remoteInfo = VideClub;
		};
/* End PBXContainerItemProxy section */

/* Begin PBXFileReference section */
		0741493728C0F6520091D737 /* VideClub.app */ = {isa = PBXFileReference; explicitFileType = wrapper.application; includeInIndex = 0; path = VideClub.app; sourceTree = BUILT_PRODUCTS_DIR; };
		0741493A28C0F6520091D737 /* VideClubApp.swift */ = {isa = PBXFileReference; lastKnownFileType = sourcecode.swift; path = VideClubApp.swift; sourceTree = "<group>"; };
		0741493C28C0F6520091D737 /* ContentView.swift */ = {isa = PBXFileReference; lastKnownFileType = sourcecode.swift; path = ContentView.swift; sourceTree = "<group>"; };
		0741493E28C0F6550091D737 /* Assets.xcassets */ = {isa = PBXFileReference; lastKnownFileType = folder.assetcatalog; path = Assets.xcassets; sourceTree = "<group>"; };
		0741494128C0F6550091D737 /* Preview Assets.xcassets */ = {isa = PBXFileReference; lastKnownFileType = folder.assetcatalog; path = "Preview Assets.xcassets"; sourceTree = "<group>"; };
		0741494728C0F6550091D737 /* VideClubTests.xctest */ = {isa = PBXFileReference; explicitFileType = wrapper.cfbundle; includeInIndex = 0; path = VideClubTests.xctest; sourceTree = BUILT_PRODUCTS_DIR; };
		0741494B28C0F6550091D737 /* VideClubTests.swift */ = {isa = PBXFileReference; lastKnownFileType = sourcecode.swift; path = VideClubTests.swift; sourceTree = "<group>"; };
		0741495128C0F6550091D737 /* VideClubUITests.xctest */ = {isa = PBXFileReference; explicitFileType = wrapper.cfbundle; includeInIndex = 0; path = VideClubUITests.xctest; sourceTree = BUILT_PRODUCTS_DIR; };
		0741495528C0F6550091D737 /* VideClubUITests.swift */ = {isa = PBXFileReference; lastKnownFileType = sourcecode.swift; path = VideClubUITests.swift; sourceTree = "<group>"; };
		0741495728C0F6550091D737 /* VideClubUITestsLaunchTests.swift */ = {isa = PBXFileReference; lastKnownFileType = sourcecode.swift; path = VideClubUITestsLaunchTests.swift; sourceTree = "<group>"; };
/* End PBXFileReference section */

/* Begin PBXFrameworksBuildPhase section */
		0741493428C0F6520091D737 /* Frameworks */ = {
			isa = PBXFrameworksBuildPhase;
			buildActionMask = 2147483647;
			files = (
			);
			runOnlyForDeploymentPostprocessing = 0;
		};
		0741494428C0F6550091D737 /* Frameworks */ = {
			isa = PBXFrameworksBuildPhase;
			buildActionMask = 2147483647;
			files = (
			);
			runOnlyForDeploymentPostprocessing = 0;
		};
		0741494E28C0F6550091D737 /* Frameworks */ = {
			isa = PBXFrameworksBuildPhase;
			buildActionMask = 2147483647;
			files = (
			);
			runOnlyForDeploymentPostprocessing = 0;
		};
/* End PBXFrameworksBuildPhase section */

/* Begin PBXGroup section */
		0741492E28C0F6520091D737 = {
			isa = PBXGroup;
			children = (
				0741493928C0F6520091D737 /* VideClub */,
				0741494A28C0F6550091D737 /* VideClubTests */,
				0741495428C0F6550091D737 /* VideClubUITests */,
				0741493828C0F6520091D737 /* Products */,
			);
			sourceTree = "<group>";
		};
		0741493828C0F6520091D737 /* Products */ = {
			isa = PBXGroup;
			children = (
				0741493728C0F6520091D737 /* VideClub.app */,
				0741494728C0F6550091D737 /* VideClubTests.xctest */,
				0741495128C0F6550091D737 /* VideClubUITests.xctest */,
			);
			name = Products;
			sourceTree = "<group>";
		};
		0741493928C0F6520091D737 /* VideClub */ = {
			isa = PBXGroup;
			children = (
				0741493A28C0F6520091D737 /* VideClubApp.swift */,
				0741493C28C0F6520091D737 /* ContentView.swift */,
				0741493E28C0F6550091D737 /* Assets.xcassets */,
				0741494028C0F6550091D737 /* Preview Content */,
			);
			path = VideClub;
			sourceTree = "<group>";
		};
		0741494028C0F6550091D737 /* Preview Content */ = {
			isa = PBXGroup;
			children = (
				0741494128C0F6550091D737 /* Preview Assets.xcassets */,
			);
			path = "Preview Content";
			sourceTree = "<group>";
		};
		0741494A28C0F6550091D737 /* VideClubTests */ = {
			isa = PBXGroup;
			children = (
				0741494B28C0F6550091D737 /* VideClubTests.swift */,
			);
			path = VideClubTests;
			sourceTree = "<group>";
		};
		0741495428C0F6550091D737 /* VideClubUITests */ = {
			isa = PBXGroup;
			children = (
				0741495528C0F6550091D737 /* VideClubUITests.swift */,
				0741495728C0F6550091D737 /* VideClubUITestsLaunchTests.swift */,
			);
			path = VideClubUITests;
			sourceTree = "<group>";
		};
/* End PBXGroup section */

/* Begin PBXNativeTarget section */
		0741493628C0F6520091D737 /* VideClub */ = {
			isa = PBXNativeTarget;
			buildConfigurationList = 0741495B28C0F6550091D737 /* Build configuration list for PBXNativeTarget "VideClub" */;
			buildPhases = (
				0741493328C0F6520091D737 /* Sources */,
				0741493428C0F6520091D737 /* Frameworks */,
				0741493528C0F6520091D737 /* Resources */,
			);
			buildRules = (
			);
			dependencies = (
			);
			name = VideClub;
			productName = VideClub;
			productReference = 0741493728C0F6520091D737 /* VideClub.app */;
			productType = "com.apple.product-type.application";
		};
		0741494628C0F6550091D737 /* VideClubTests */ = {
			isa = PBXNativeTarget;
			buildConfigurationList = 0741495E28C0F6550091D737 /* Build configuration list for PBXNativeTarget "VideClubTests" */;
			buildPhases = (
				0741494328C0F6550091D737 /* Sources */,
				0741494428C0F6550091D737 /* Frameworks */,
				0741494528C0F6550091D737 /* Resources */,
			);
			buildRules = (
			);
			dependencies = (
				0741494928C0F6550091D737 /* PBXTargetDependency */,
			);
			name = VideClubTests;
			productName = VideClubTests;
			productReference = 0741494728C0F6550091D737 /* VideClubTests.xctest */;
			productType = "com.apple.product-type.bundle.unit-test";
		};
		0741495028C0F6550091D737 /* VideClubUITests */ = {
			isa = PBXNativeTarget;
			buildConfigurationList = 0741496128C0F6550091D737 /* Build configuration list for PBXNativeTarget "VideClubUITests" */;
			buildPhases = (
				0741494D28C0F6550091D737 /* Sources */,
				0741494E28C0F6550091D737 /* Frameworks */,
				0741494F28C0F6550091D737 /* Resources */,
			);
			buildRules = (
			);
			dependencies = (
				0741495328C0F6550091D737 /* PBXTargetDependency */,
			);
			name = VideClubUITests;
			productName = VideClubUITests;
			productReference = 0741495128C0F6550091D737 /* VideClubUITests.xctest */;
			productType = "com.apple.product-type.bundle.ui-testing";
		};
/* End PBXNativeTarget section */

/* Begin PBXProject section */
		0741492F28C0F6520091D737 /* Project object */ = {
			isa = PBXProject;
			attributes = {
				BuildIndependentTargetsInParallel = 1;
				LastSwiftUpdateCheck = 1320;
				LastUpgradeCheck = 1320;
				TargetAttributes = {
					0741493628C0F6520091D737 = {
						CreatedOnToolsVersion = 13.2.1;
					};
					0741494628C0F6550091D737 = {
						CreatedOnToolsVersion = 13.2.1;
						TestTargetID = 0741493628C0F6520091D737;
					};
					0741495028C0F6550091D737 = {
						CreatedOnToolsVersion = 13.2.1;
						TestTargetID = 0741493628C0F6520091D737;
					};
				};
			};
			buildConfigurationList = 0741493228C0F6520091D737 /* Build configuration list for PBXProject "VideClub" */;
			compatibilityVersion = "Xcode 13.0";
			developmentRegion = en;
			hasScannedForEncodings = 0;
			knownRegions = (
				en,
				Base,
			);
			mainGroup = 0741492E28C0F6520091D737;
			productRefGroup = 0741493828C0F6520091D737 /* Products */;
			projectDirPath = "";
			projectRoot = "";
			targets = (
				0741493628C0F6520091D737 /* VideClub */,
				0741494628C0F6550091D737 /* VideClubTests */,
				0741495028C0F6550091D737 /* VideClubUITests */,
			);
		};
/* End PBXProject section */

/* Begin PBXResourcesBuildPhase section */
		0741493528C0F6520091D737 /* Resources */ = {
			isa = PBXResourcesBuildPhase;
			buildActionMask = 2147483647;
			files = (
				0741494228C0F6550091D737 /* Preview Assets.xcassets in Resources */,
				0741493F28C0F6550091D737 /* Assets.xcassets in Resources */,
			);
			runOnlyForDeploymentPostprocessing = 0;
		};
		0741494528C0F6550091D737 /* Resources */ = {
			isa = PBXResourcesBuildPhase;
			buildActionMask = 2147483647;
			files = (
			);
			runOnlyForDeploymentPostprocessing = 0;
		};
		0741494F28C0F6550091D737 /* Resources */ = {
			isa = PBXResourcesBuildPhase;
			buildActionMask = 2147483647;
			files = (
			);
			runOnlyForDeploymentPostprocessing = 0;
		};
/* End PBXResourcesBuildPhase section */

/* Begin PBXSourcesBuildPhase section */
		0741493328C0F6520091D737 /* Sources */ = {
			isa = PBXSourcesBuildPhase;
			buildActionMask = 2147483647;
			files = (
				0741493D28C0F6520091D737 /* ContentView.swift in Sources */,
				0741493B28C0F6520091D737 /* VideClubApp.swift in Sources */,
			);
			runOnlyForDeploymentPostprocessing = 0;
		};
		0741494328C0F6550091D737 /* Sources */ = {
			isa = PBXSourcesBuildPhase;
			buildActionMask = 2147483647;
			files = (
				0741494C28C0F6550091D737 /* VideClubTests.swift in Sources */,
			);
			runOnlyForDeploymentPostprocessing = 0;
		};
		0741494D28C0F6550091D737 /* Sources */ = {
			isa = PBXSourcesBuildPhase;
			buildActionMask = 2147483647;
			files = (
				0741495828C0F6550091D737 /* VideClubUITestsLaunchTests.swift in Sources */,
				0741495628C0F6550091D737 /* VideClubUITests.swift in Sources */,
			);
			runOnlyForDeploymentPostprocessing = 0;
		};
/* End PBXSourcesBuildPhase section */

/* Begin PBXTargetDependency section */
		0741494928C0F6550091D737 /* PBXTargetDependency */ = {
			isa = PBXTargetDependency;
			target = 0741493628C0F6520091D737 /* VideClub */;
			targetProxy = 0741494828C0F6550091D737 /* PBXContainerItemProxy */;
		};
		0741495328C0F6550091D737 /* PBXTargetDependency */ = {
			isa = PBXTargetDependency;
			target = 0741493628C0F6520091D737 /* VideClub */;
			targetProxy = 0741495228C0F6550091D737 /* PBXContainerItemProxy */;
		};
/* End PBXTargetDependency section */

/* Begin XCBuildConfiguration section */
		0741495928C0F6550091D737 /* Debug */ = {
			isa = XCBuildConfiguration;
			buildSettings = {
				ALWAYS_SEARCH_USER_PATHS = NO;
				CLANG_ANALYZER_NONNULL = YES;
				CLANG_ANALYZER_NUMBER_OBJECT_CONVERSION = YES_AGGRESSIVE;
				CLANG_CXX_LANGUAGE_STANDARD = "gnu++17";
				CLANG_CXX_LIBRARY = "libc++";
				CLANG_ENABLE_MODULES = YES;
				CLANG_ENABLE_OBJC_ARC = YES;
				CLANG_ENABLE_OBJC_WEAK = YES;
				CLANG_WARN_BLOCK_CAPTURE_AUTORELEASING = YES;
				CLANG_WARN_BOOL_CONVERSION = YES;
				CLANG_WARN_COMMA = YES;
				CLANG_WARN_CONSTANT_CONVERSION = YES;
				CLANG_WARN_DEPRECATED_OBJC_IMPLEMENTATIONS = YES;
				CLANG_WARN_DIRECT_OBJC_ISA_USAGE = YES_ERROR;
				CLANG_WARN_DOCUMENTATION_COMMENTS = YES;
				CLANG_WARN_EMPTY_BODY = YES;
				CLANG_WARN_ENUM_CONVERSION = YES;
				CLANG_WARN_INFINITE_RECURSION = YES;
				CLANG_WARN_INT_CONVERSION = YES;
				CLANG_WARN_NON_LITERAL_NULL_CONVERSION = YES;
				CLANG_WARN_OBJC_IMPLICIT_RETAIN_SELF = YES;
				CLANG_WARN_OBJC_LITERAL_CONVERSION = YES;
				CLANG_WARN_OBJC_ROOT_CLASS = YES_ERROR;
				CLANG_WARN_QUOTED_INCLUDE_IN_FRAMEWORK_HEADER = YES;
				CLANG_WARN_RANGE_LOOP_ANALYSIS = YES;
				CLANG_WARN_STRICT_PROTOTYPES = YES;
				CLANG_WARN_SUSPICIOUS_MOVE = YES;
				CLANG_WARN_UNGUARDED_AVAILABILITY = YES_AGGRESSIVE;
				CLANG_WARN_UNREACHABLE_CODE = YES;
				CLANG_WARN__DUPLICATE_METHOD_MATCH = YES;
				COPY_PHASE_STRIP = NO;
				DEBUG_INFORMATION_FORMAT = dwarf;
				ENABLE_STRICT_OBJC_MSGSEND = YES;
				ENABLE_TESTABILITY = YES;
				GCC_C_LANGUAGE_STANDARD = gnu11;
				GCC_DYNAMIC_NO_PIC = NO;
				GCC_NO_COMMON_BLOCKS = YES;
				GCC_OPTIMIZATION_LEVEL = 0;
				GCC_PREPROCESSOR_DEFINITIONS = (
					"DEBUG=1",
					"$(inherited)",
				);
				GCC_WARN_64_TO_32_BIT_CONVERSION = YES;
				GCC_WARN_ABOUT_RETURN_TYPE = YES_ERROR;
				GCC_WARN_UNDECLARED_SELECTOR = YES;
				GCC_WARN_UNINITIALIZED_AUTOS = YES_AGGRESSIVE;
				GCC_WARN_UNUSED_FUNCTION = YES;
				GCC_WARN_UNUSED_VARIABLE = YES;
				IPHONEOS_DEPLOYMENT_TARGET = 15.2;
				MTL_ENABLE_DEBUG_INFO = INCLUDE_SOURCE;
				MTL_FAST_MATH = YES;
				ONLY_ACTIVE_ARCH = YES;
				SDKROOT = iphoneos;
				SWIFT_ACTIVE_COMPILATION_CONDITIONS = DEBUG;
				SWIFT_OPTIMIZATION_LEVEL = "-Onone";
			};
			name = Debug;
		};
		0741495A28C0F6550091D737 /* Release */ = {
			isa = XCBuildConfiguration;
			buildSettings = {
				ALWAYS_SEARCH_USER_PATHS = NO;
				CLANG_ANALYZER_NONNULL = YES;
				CLANG_ANALYZER_NUMBER_OBJECT_CONVERSION = YES_AGGRESSIVE;
				CLANG_CXX_LANGUAGE_STANDARD = "gnu++17";
				CLANG_CXX_LIBRARY = "libc++";
				CLANG_ENABLE_MODULES = YES;
				CLANG_ENABLE_OBJC_ARC = YES;
				CLANG_ENABLE_OBJC_WEAK = YES;
				CLANG_WARN_BLOCK_CAPTURE_AUTORELEASING = YES;
				CLANG_WARN_BOOL_CONVERSION = YES;
				CLANG_WARN_COMMA = YES;
				CLANG_WARN_CONSTANT_CONVERSION = YES;
				CLANG_WARN_DEPRECATED_OBJC_IMPLEMENTATIONS = YES;
				CLANG_WARN_DIRECT_OBJC_ISA_USAGE = YES_ERROR;
				CLANG_WARN_DOCUMENTATION_COMMENTS = YES;
				CLANG_WARN_EMPTY_BODY = YES;
				CLANG_WARN_ENUM_CONVERSION = YES;
				CLANG_WARN_INFINITE_RECURSION = YES;
				CLANG_WARN_INT_CONVERSION = YES;
				CLANG_WARN_NON_LITERAL_NULL_CONVERSION = YES;
				CLANG_WARN_OBJC_IMPLICIT_RETAIN_SELF = YES;
				CLANG_WARN_OBJC_LITERAL_CONVERSION = YES;
				CLANG_WARN_OBJC_ROOT_CLASS = YES_ERROR;
				CLANG_WARN_QUOTED_INCLUDE_IN_FRAMEWORK_HEADER = YES;
				CLANG_WARN_RANGE_LOOP_ANALYSIS = YES;
				CLANG_WARN_STRICT_PROTOTYPES = YES;
				CLANG_WARN_SUSPICIOUS_MOVE = YES;
				CLANG_WARN_UNGUARDED_AVAILABILITY = YES_AGGRESSIVE;
				CLANG_WARN_UNREACHABLE_CODE = YES;
				CLANG_WARN__DUPLICATE_METHOD_MATCH = YES;
				COPY_PHASE_STRIP = NO;
				DEBUG_INFORMATION_FORMAT = "dwarf-with-dsym";
				ENABLE_NS_ASSERTIONS = NO;
				ENABLE_STRICT_OBJC_MSGSEND = YES;
				GCC_C_LANGUAGE_STANDARD = gnu11;
				GCC_NO_COMMON_BLOCKS = YES;
				GCC_WARN_64_TO_32_BIT_CONVERSION = YES;
				GCC_WARN_ABOUT_RETURN_TYPE = YES_ERROR;
				GCC_WARN_UNDECLARED_SELECTOR = YES;
				GCC_WARN_UNINITIALIZED_AUTOS = YES_AGGRESSIVE;
				GCC_WARN_UNUSED_FUNCTION = YES;
				GCC_WARN_UNUSED_VARIABLE = YES;
				IPHONEOS_DEPLOYMENT_TARGET = 15.2;
				MTL_ENABLE_DEBUG_INFO = NO;
				MTL_FAST_MATH = YES;
				SDKROOT = iphoneos;
				SWIFT_COMPILATION_MODE = wholemodule;
				SWIFT_OPTIMIZATION_LEVEL = "-O";
				VALIDATE_PRODUCT = YES;
			};
			name = Release;
		};
		0741495C28C0F6550091D737 /* Debug */ = {
			isa = XCBuildConfiguration;
			buildSettings = {
				ASSETCATALOG_COMPILER_APPICON_NAME = AppIcon;
				ASSETCATALOG_COMPILER_GLOBAL_ACCENT_COLOR_NAME = AccentColor;
				CODE_SIGN_STYLE = Automatic;
				CURRENT_PROJECT_VERSION = 1;
				DEVELOPMENT_ASSET_PATHS = "\"VideClub/Preview Content\"";
				DEVELOPMENT_TEAM = VVU2BQZ6F9;
				ENABLE_PREVIEWS = YES;
				GENERATE_INFOPLIST_FILE = YES;
				INFOPLIST_KEY_UIApplicationSceneManifest_Generation = YES;
				INFOPLIST_KEY_UIApplicationSupportsIndirectInputEvents = YES;
				INFOPLIST_KEY_UILaunchScreen_Generation = YES;
				INFOPLIST_KEY_UISupportedInterfaceOrientations_iPad = "UIInterfaceOrientationPortrait UIInterfaceOrientationPortraitUpsideDown UIInterfaceOrientationLandscapeLeft UIInterfaceOrientationLandscapeRight";
				INFOPLIST_KEY_UISupportedInterfaceOrientations_iPhone = "UIInterfaceOrientationPortrait UIInterfaceOrientationLandscapeLeft UIInterfaceOrientationLandscapeRight";
				LD_RUNPATH_SEARCH_PATHS = (
					"$(inherited)",
					"@executable_path/Frameworks",
				);
				MARKETING_VERSION = 1.0;
				PRODUCT_BUNDLE_IDENTIFIER = com.bcf.VideClub;
				PRODUCT_NAME = "$(TARGET_NAME)";
				SWIFT_EMIT_LOC_STRINGS = YES;
				SWIFT_VERSION = 5.0;
				TARGETED_DEVICE_FAMILY = "1,2";
			};
			name = Debug;
		};
		0741495D28C0F6550091D737 /* Release */ = {
			isa = XCBuildConfiguration;
			buildSettings = {
				ASSETCATALOG_COMPILER_APPICON_NAME = AppIcon;
				ASSETCATALOG_COMPILER_GLOBAL_ACCENT_COLOR_NAME = AccentColor;
				CODE_SIGN_STYLE = Automatic;
				CURRENT_PROJECT_VERSION = 1;
				DEVELOPMENT_ASSET_PATHS = "\"VideClub/Preview Content\"";
				DEVELOPMENT_TEAM = VVU2BQZ6F9;
				ENABLE_PREVIEWS = YES;
				GENERATE_INFOPLIST_FILE = YES;
				INFOPLIST_KEY_UIApplicationSceneManifest_Generation = YES;
				INFOPLIST_KEY_UIApplicationSupportsIndirectInputEvents = YES;
				INFOPLIST_KEY_UILaunchScreen_Generation = YES;
				INFOPLIST_KEY_UISupportedInterfaceOrientations_iPad = "UIInterfaceOrientationPortrait UIInterfaceOrientationPortraitUpsideDown UIInterfaceOrientationLandscapeLeft UIInterfaceOrientationLandscapeRight";
				INFOPLIST_KEY_UISupportedInterfaceOrientations_iPhone = "UIInterfaceOrientationPortrait UIInterfaceOrientationLandscapeLeft UIInterfaceOrientationLandscapeRight";
				LD_RUNPATH_SEARCH_PATHS = (
					"$(inherited)",
					"@executable_path/Frameworks",
				);
				MARKETING_VERSION = 1.0;
				PRODUCT_BUNDLE_IDENTIFIER = com.bcf.VideClub;
				PRODUCT_NAME = "$(TARGET_NAME)";
				SWIFT_EMIT_LOC_STRINGS = YES;
				SWIFT_VERSION = 5.0;
				TARGETED_DEVICE_FAMILY = "1,2";
			};
			name = Release;
		};
		0741495F28C0F6550091D737 /* Debug */ = {
			isa = XCBuildConfiguration;
			buildSettings = {
				ALWAYS_EMBED_SWIFT_STANDARD_LIBRARIES = YES;
				BUNDLE_LOADER = "$(TEST_HOST)";
				CODE_SIGN_STYLE = Automatic;
				CURRENT_PROJECT_VERSION = 1;
				DEVELOPMENT_TEAM = VVU2BQZ6F9;
				GENERATE_INFOPLIST_FILE = YES;
				IPHONEOS_DEPLOYMENT_TARGET = 15.2;
				MARKETING_VERSION = 1.0;
				PRODUCT_BUNDLE_IDENTIFIER = com.bcf.VideClubTests;
				PRODUCT_NAME = "$(TARGET_NAME)";
				SWIFT_EMIT_LOC_STRINGS = NO;
				SWIFT_VERSION = 5.0;
				TARGETED_DEVICE_FAMILY = "1,2";
				TEST_HOST = "$(BUILT_PRODUCTS_DIR)/VideClub.app/VideClub";
			};
			name = Debug;
		};
		0741496028C0F6550091D737 /* Release */ = {
			isa = XCBuildConfiguration;
			buildSettings = {
				ALWAYS_EMBED_SWIFT_STANDARD_LIBRARIES = YES;
				BUNDLE_LOADER = "$(TEST_HOST)";
				CODE_SIGN_STYLE = Automatic;
				CURRENT_PROJECT_VERSION = 1;
				DEVELOPMENT_TEAM = VVU2BQZ6F9;
				GENERATE_INFOPLIST_FILE = YES;
				IPHONEOS_DEPLOYMENT_TARGET = 15.2;
				MARKETING_VERSION = 1.0;
				PRODUCT_BUNDLE_IDENTIFIER = com.bcf.VideClubTests;
				PRODUCT_NAME = "$(TARGET_NAME)";
				SWIFT_EMIT_LOC_STRINGS = NO;
				SWIFT_VERSION = 5.0;
				TARGETED_DEVICE_FAMILY = "1,2";
				TEST_HOST = "$(BUILT_PRODUCTS_DIR)/VideClub.app/VideClub";
			};
			name = Release;
		};
		0741496228C0F6550091D737 /* Debug */ = {
			isa = XCBuildConfiguration;
			buildSettings = {
				ALWAYS_EMBED_SWIFT_STANDARD_LIBRARIES = YES;
				CODE_SIGN_STYLE = Automatic;
				CURRENT_PROJECT_VERSION = 1;
				DEVELOPMENT_TEAM = VVU2BQZ6F9;
				GENERATE_INFOPLIST_FILE = YES;
				MARKETING_VERSION = 1.0;
				PRODUCT_BUNDLE_IDENTIFIER = com.bcf.VideClubUITests;
				PRODUCT_NAME = "$(TARGET_NAME)";
				SWIFT_EMIT_LOC_STRINGS = NO;
				SWIFT_VERSION = 5.0;
				TARGETED_DEVICE_FAMILY = "1,2";
				TEST_TARGET_NAME = VideClub;
			};
			name = Debug;
		};
		0741496328C0F6550091D737 /* Release */ = {
			isa = XCBuildConfiguration;
			buildSettings = {
				ALWAYS_EMBED_SWIFT_STANDARD_LIBRARIES = YES;
				CODE_SIGN_STYLE = Automatic;
				CURRENT_PROJECT_VERSION = 1;
				DEVELOPMENT_TEAM = VVU2BQZ6F9;
				GENERATE_INFOPLIST_FILE = YES;
				MARKETING_VERSION = 1.0;
				PRODUCT_BUNDLE_IDENTIFIER = com.bcf.VideClubUITests;
				PRODUCT_NAME = "$(TARGET_NAME)";
				SWIFT_EMIT_LOC_STRINGS = NO;
				SWIFT_VERSION = 5.0;
				TARGETED_DEVICE_FAMILY = "1,2";
				TEST_TARGET_NAME = VideClub;
			};
			name = Release;
		};
/* End XCBuildConfiguration section */

/* Begin XCConfigurationList section */
		0741493228C0F6520091D737 /* Build configuration list for PBXProject "VideClub" */ = {
			isa = XCConfigurationList;
			buildConfigurations = (
				0741495928C0F6550091D737 /* Debug */,
				0741495A28C0F6550091D737 /* Release */,
			);
			defaultConfigurationIsVisible = 0;
			defaultConfigurationName = Release;
		};
		0741495B28C0F6550091D737 /* Build configuration list for PBXNativeTarget "VideClub" */ = {
			isa = XCConfigurationList;
			buildConfigurations = (
				0741495C28C0F6550091D737 /* Debug */,
				0741495D28C0F6550091D737 /* Release */,
			);
			defaultConfigurationIsVisible = 0;
			defaultConfigurationName = Release;
		};
		0741495E28C0F6550091D737 /* Build configuration list for PBXNativeTarget "VideClubTests" */ = {
			isa = XCConfigurationList;
			buildConfigurations = (
				0741495F28C0F6550091D737 /* Debug */,
				0741496028C0F6550091D737 /* Release */,
			);
			defaultConfigurationIsVisible = 0;
			defaultConfigurationName = Release;
		};
		0741496128C0F6550091D737 /* Build configuration list for PBXNativeTarget "VideClubUITests" */ = {
			isa = XCConfigurationList;
			buildConfigurations = (
				0741496228C0F6550091D737 /* Debug */,
				0741496328C0F6550091D737 /* Release */,
			);
			defaultConfigurationIsVisible = 0;
			defaultConfigurationName = Release;
		};
/* End XCConfigurationList section */
	};
	rootObject = 0741492F28C0F6520091D737 /* Project object */;
}
